
Microsoft Visual Studio Solution File, Format Version 12.00
# Visual Studio Version 17
VisualStudioVersion = 17.10.35122.118
MinimumVisualStudioVersion = 10.0.40219.1
Project("{2150E333-8FDC-42A3-9474-1A3956D46DE8}") = "Presentation", "Presentation", "{5F80CB95-4A0F-47E6-BA70-C5C9B5A6ECDC}"
EndProject
Project("{2150E333-8FDC-42A3-9474-1A3956D46DE8}") = "Service", "Service", "{F5AB7D82-6F23-4918-9515-91BA0999B6EC}"
EndProject
Project("{2150E333-8FDC-42A3-9474-1A3956D46DE8}") = "Core", "Core", "{1B30F650-CD28-4744-A627-4ABF31DF5CD1}"
EndProject
Project("{2150E333-8FDC-42A3-9474-1A3956D46DE8}") = "Data", "Data", "{D0E90EE0-01EC-4469-8095-1371A186B3BB}"
EndProject
Project("{2150E333-8FDC-42A3-9474-1A3956D46DE8}") = "Domain", "Domain", "{19AD2DFD-94B2-474F-ABD7-7575EEF17C59}"
EndProject
Project("{2150E333-8FDC-42A3-9474-1A3956D46DE8}") = "Transaction", "Transaction", "{14465319-5BF2-466A-8602-F8B40A027D44}"
EndProject
Project("{9A19103F-16F7-4668-BE54-9A1E7A4F7556}") = "AISportsApp", "AISportsApp\AISportsApp.csproj", "{EA51F6AE-BA96-4B7A-9F5C-F2C64BA93A6A}"
EndProject
Project("{FAE04EC0-301F-11D3-BF4B-00C04F79EFBC}") = "POCO", "POCO\POCO.csproj", "{24174F81-EF28-422F-B864-59F320B361CC}"
EndProject
Project("{FAE04EC0-301F-11D3-BF4B-00C04F79EFBC}") = "Utility", "Utility\Utility.csproj", "{848C0EA7-4F4D-4109-A6D7-C771C2175C20}"
EndProject
Project("{FAE04EC0-301F-11D3-BF4B-00C04F79EFBC}") = "DataLayer", "DataLayer\DataLayer.csproj", "{B77C019D-92BE-4D3E-956F-66C877FF8015}"
EndProject
Project("{FAE04EC0-301F-11D3-BF4B-00C04F79EFBC}") = "DomainLayer", "DomainLayer\DomainLayer.csproj", "{B0C314E3-FCBB-4B4B-BE6B-3BBCC264B5AB}"
EndProject
Project("{FAE04EC0-301F-11D3-BF4B-00C04F79EFBC}") = "TransactionLayer", "TransactionLayer\TransactionLayer.csproj", "{143F8667-34FF-4181-87FE-BFBBCD97B1C7}"
EndProject
Project("{FAE04EC0-301F-11D3-BF4B-00C04F79EFBC}") = "AISportsRESTServiceAPI", "AISportsRESTServiceAPI\AISportsRESTServiceAPI.csproj", "{532E043E-D9BD-4DAA-BA0D-753986435760}"
EndProject
Global
	GlobalSection(SolutionConfigurationPlatforms) = preSolution
		Debug|Any CPU = Debug|Any CPU
		Release|Any CPU = Release|Any CPU
		Release2|Any CPU = Release2|Any CPU
	EndGlobalSection
	GlobalSection(ProjectConfigurationPlatforms) = postSolution
		{EA51F6AE-BA96-4B7A-9F5C-F2C64BA93A6A}.Debug|Any CPU.ActiveCfg = Debug|Any CPU
		{EA51F6AE-BA96-4B7A-9F5C-F2C64BA93A6A}.Debug|Any CPU.Build.0 = Debug|Any CPU
		{EA51F6AE-BA96-4B7A-9F5C-F2C64BA93A6A}.Release|Any CPU.ActiveCfg = Release|Any CPU
		{EA51F6AE-BA96-4B7A-9F5C-F2C64BA93A6A}.Release|Any CPU.Build.0 = Release|Any CPU
		{EA51F6AE-BA96-4B7A-9F5C-F2C64BA93A6A}.Release2|Any CPU.ActiveCfg = Release|Any CPU
		{EA51F6AE-BA96-4B7A-9F5C-F2C64BA93A6A}.Release2|Any CPU.Build.0 = Release|Any CPU
		{24174F81-EF28-422F-B864-59F320B361CC}.Debug|Any CPU.ActiveCfg = Debug|Any CPU
		{24174F81-EF28-422F-B864-59F320B361CC}.Debug|Any CPU.Build.0 = Debug|Any CPU
		{24174F81-EF28-422F-B864-59F320B361CC}.Release|Any CPU.ActiveCfg = Release|Any CPU
		{24174F81-EF28-422F-B864-59F320B361CC}.Release|Any CPU.Build.0 = Release|Any CPU
		{24174F81-EF28-422F-B864-59F320B361CC}.Release2|Any CPU.ActiveCfg = Release|Any CPU
		{24174F81-EF28-422F-B864-59F320B361CC}.Release2|Any CPU.Build.0 = Release|Any CPU
		{848C0EA7-4F4D-4109-A6D7-C771C2175C20}.Debug|Any CPU.ActiveCfg = Debug|Any CPU
		{848C0EA7-4F4D-4109-A6D7-C771C2175C20}.Debug|Any CPU.Build.0 = Debug|Any CPU
		{848C0EA7-4F4D-4109-A6D7-C771C2175C20}.Release|Any CPU.ActiveCfg = Release|Any CPU
		{848C0EA7-4F4D-4109-A6D7-C771C2175C20}.Release|Any CPU.Build.0 = Release|Any CPU
		{848C0EA7-4F4D-4109-A6D7-C771C2175C20}.Release2|Any CPU.ActiveCfg = Release|Any CPU
		{848C0EA7-4F4D-4109-A6D7-C771C2175C20}.Release2|Any CPU.Build.0 = Release|Any CPU
		{B77C019D-92BE-4D3E-956F-66C877FF8015}.Debug|Any CPU.ActiveCfg = Debug|Any CPU
		{B77C019D-92BE-4D3E-956F-66C877FF8015}.Debug|Any CPU.Build.0 = Debug|Any CPU
		{B77C019D-92BE-4D3E-956F-66C877FF8015}.Release|Any CPU.ActiveCfg = Release|Any CPU
		{B77C019D-92BE-4D3E-956F-66C877FF8015}.Release|Any CPU.Build.0 = Release|Any CPU
		{B77C019D-92BE-4D3E-956F-66C877FF8015}.Release2|Any CPU.ActiveCfg = Release|Any CPU
		{B77C019D-92BE-4D3E-956F-66C877FF8015}.Release2|Any CPU.Build.0 = Release|Any CPU
		{B0C314E3-FCBB-4B4B-BE6B-3BBCC264B5AB}.Debug|Any CPU.ActiveCfg = Debug|Any CPU
		{B0C314E3-FCBB-4B4B-BE6B-3BBCC264B5AB}.Debug|Any CPU.Build.0 = Debug|Any CPU
		{B0C314E3-FCBB-4B4B-BE6B-3BBCC264B5AB}.Release|Any CPU.ActiveCfg = Release|Any CPU
		{B0C314E3-FCBB-4B4B-BE6B-3BBCC264B5AB}.Release|Any CPU.Build.0 = Release|Any CPU
		{B0C314E3-FCBB-4B4B-BE6B-3BBCC264B5AB}.Release2|Any CPU.ActiveCfg = Release2|Any CPU
		{B0C314E3-FCBB-4B4B-BE6B-3BBCC264B5AB}.Release2|Any CPU.Build.0 = Release2|Any CPU
		{143F8667-34FF-4181-87FE-BFBBCD97B1C7}.Debug|Any CPU.ActiveCfg = Debug|Any CPU
		{143F8667-34FF-4181-87FE-BFBBCD97B1C7}.Debug|Any CPU.Build.0 = Debug|Any CPU
		{143F8667-34FF-4181-87FE-BFBBCD97B1C7}.Release|Any CPU.ActiveCfg = Release|Any CPU
		{143F8667-34FF-4181-87FE-BFBBCD97B1C7}.Release|Any CPU.Build.0 = Release|Any CPU
		{143F8667-34FF-4181-87FE-BFBBCD97B1C7}.Release2|Any CPU.ActiveCfg = Release2|Any CPU
		{143F8667-34FF-4181-87FE-BFBBCD97B1C7}.Release2|Any CPU.Build.0 = Release2|Any CPU
		{532E043E-D9BD-4DAA-BA0D-753986435760}.Debug|Any CPU.ActiveCfg = Debug|Any CPU
		{532E043E-D9BD-4DAA-BA0D-753986435760}.Debug|Any CPU.Build.0 = Debug|Any CPU
		{532E043E-D9BD-4DAA-BA0D-753986435760}.Release|Any CPU.ActiveCfg = Release|Any CPU
		{532E043E-D9BD-4DAA-BA0D-753986435760}.Release|Any CPU.Build.0 = Release|Any CPU
		{532E043E-D9BD-4DAA-BA0D-753986435760}.Release2|Any CPU.ActiveCfg = Release|Any CPU
		{532E043E-D9BD-4DAA-BA0D-753986435760}.Release2|Any CPU.Build.0 = Release|Any CPU
	EndGlobalSection
	GlobalSection(SolutionProperties) = preSolution
		HideSolutionNode = FALSE
	EndGlobalSection
	GlobalSection(NestedProjects) = preSolution
		{EA51F6AE-BA96-4B7A-9F5C-F2C64BA93A6A} = {5F80CB95-4A0F-47E6-BA70-C5C9B5A6ECDC}
		{24174F81-EF28-422F-B864-59F320B361CC} = {D0E90EE0-01EC-4469-8095-1371A186B3BB}
		{848C0EA7-4F4D-4109-A6D7-C771C2175C20} = {1B30F650-CD28-4744-A627-4ABF31DF5CD1}
		{B77C019D-92BE-4D3E-956F-66C877FF8015} = {D0E90EE0-01EC-4469-8095-1371A186B3BB}
		{B0C314E3-FCBB-4B4B-BE6B-3BBCC264B5AB} = {19AD2DFD-94B2-474F-ABD7-7575EEF17C59}
		{143F8667-34FF-4181-87FE-BFBBCD97B1C7} = {14465319-5BF2-466A-8602-F8B40A027D44}
		{532E043E-D9BD-4DAA-BA0D-753986435760} = {F5AB7D82-6F23-4918-9515-91BA0999B6EC}
	EndGlobalSection
	GlobalSection(ExtensibilityGlobals) = postSolution
		SolutionGuid = {42475490-AE62-450D-97A7-A5029D82F614}
	EndGlobalSection
EndGlobal
